
Microsoft Visual Studio Solution File, Format Version 12.00
# Visual Studio Version 17
VisualStudioVersion = 17.8.34525.116
MinimumVisualStudioVersion = 10.0.40219.1
Project("{9A19103F-16F7-4668-BE54-9A1E7A4F7556}") = "RemoteVolumeControl", "RemoteVolumeControl\RemoteVolumeControl.csproj", "{A7BFF4AC-B06A-4393-B471-FB1DBA9C302A}"
EndProject
Global
	GlobalSection(SolutionConfigurationPlatforms) = preSolution
		Debug|Any CPU = Debug|Any CPU
		Release|Any CPU = Release|Any CPU
	EndGlobalSection
	GlobalSection(ProjectConfigurationPlatforms) = postSolution
		{A7BFF4AC-B06A-4393-B471-FB1DBA9C302A}.Debug|Any CPU.ActiveCfg = Debug|Any CPU
		{A7BFF4AC-B06A-4393-B471-FB1DBA9C302A}.Debug|Any CPU.Build.0 = Debug|Any CPU
		{A7BFF4AC-B06A-4393-B471-FB1DBA9C302A}.Release|Any CPU.ActiveCfg = Release|Any CPU
		{A7BFF4AC-B06A-4393-B471-FB1DBA9C302A}.Release|Any CPU.Build.0 = Release|Any CPU
	EndGlobalSection
	GlobalSection(SolutionProperties) = preSolution
		HideSolutionNode = FALSE
	EndGlobalSection
EndGlobal
